Microsoft Visual Studio Solution File, Format Version 12.00
# Visual Studio Version 17
VisualStudioVersion = 17.5.2.0
MinimumVisualStudioVersion = 10.0.40219.1
Project("{2150E333-8FDC-42A3-9474-1A3956D46DE8}") = "src", "src", "{827E0CD3-B72D-47B6-A68D-7590B98EB39B}"
EndProject
Project("{FAE04EC0-301F-11D3-BF4B-00C04F79EFBC}") = "AzureTextReader", "src\AzureTextReader.csproj", "{38E98957-1D0A-05BB-A060-CAB2111A745E}"
EndProject
Project("{FAE04EC0-301F-11D3-BF4B-00C04F79EFBC}") = "AzureTextReader.Tests", "test\AzureTextReader.Tests\AzureTextReader.Tests.csproj", "{FF42DDC8-3056-547C-F786-5C245EDBD1D7}"
EndProject
Global
	GlobalSection(SolutionConfigurationPlatforms) = preSolution
		Debug|Any CPU = Debug|Any CPU
		Release|Any CPU = Release|Any CPU
	EndGlobalSection
	GlobalSection(ProjectConfigurationPlatforms) = postSolution
		{38E98957-1D0A-05BB-A060-CAB2111A745E}.Debug|Any CPU.ActiveCfg = Debug|Any CPU
		{38E98957-1D0A-05BB-A060-CAB2111A745E}.Debug|Any CPU.Build.0 = Debug|Any CPU
		{38E98957-1D0A-05BB-A060-CAB2111A745E}.Release|Any CPU.ActiveCfg = Release|Any CPU
		{38E98957-1D0A-05BB-A060-CAB2111A745E}.Release|Any CPU.Build.0 = Release|Any CPU
		{FF42DDC8-3056-547C-F786-5C245EDBD1D7}.Debug|Any CPU.ActiveCfg = Debug|Any CPU
		{FF42DDC8-3056-547C-F786-5C245EDBD1D7}.Debug|Any CPU.Build.0 = Debug|Any CPU
		{FF42DDC8-3056-547C-F786-5C245EDBD1D7}.Release|Any CPU.ActiveCfg = Release|Any CPU
		{FF42DDC8-3056-547C-F786-5C245EDBD1D7}.Release|Any CPU.Build.0 = Release|Any CPU
	EndGlobalSection
	GlobalSection(SolutionProperties) = preSolution
		HideSolutionNode = FALSE
	EndGlobalSection
	GlobalSection(NestedProjects) = preSolution
		{38E98957-1D0A-05BB-A060-CAB2111A745E} = {827E0CD3-B72D-47B6-A68D-7590B98EB39B}
		{FF42DDC8-3056-547C-F786-5C245EDBD1D7} = {827E0CD3-B72D-47B6-A68D-7590B98EB39B}
	EndGlobalSection
	GlobalSection(ExtensibilityGlobals) = postSolution
		SolutionGuid = {80121B3F-D766-4329-ABD3-60B9FAD689CB}
	EndGlobalSection
EndGlobal
